
Microsoft Visual Studio Solution File, Format Version 12.00
# Visual Studio Version 16
VisualStudioVersion = 16.0.31205.134
MinimumVisualStudioVersion = 10.0.40219.1
Project("{FAE04EC0-301F-11D3-BF4B-00C04F79EFBC}") = "PutNetPresentation.Api", "PutNetPresentation.Api\PutNetPresentation.Api.csproj", "{D3623784-EF80-4C8B-9FF5-F328767D28F4}"
EndProject
Project("{FAE04EC0-301F-11D3-BF4B-00C04F79EFBC}") = "PutNetPresentation.Infrastructure", "PutNetPresentation.Infrastructure\PutNetPresentation.Infrastructure.csproj", "{338E38A4-2D04-48DD-B5AF-4CC964326BA7}"
EndProject
Project("{FAE04EC0-301F-11D3-BF4B-00C04F79EFBC}") = "PutNetPresentation.Core", "PutNetPresentation.Core\PutNetPresentation.Core.csproj", "{50DD2F84-97D0-4C5B-AEC1-0ECA5F8F1D23}"
EndProject
Global
	GlobalSection(SolutionConfigurationPlatforms) = preSolution
		Debug|Any CPU = Debug|Any CPU
		Release|Any CPU = Release|Any CPU
	EndGlobalSection
	GlobalSection(ProjectConfigurationPlatforms) = postSolution
		{D3623784-EF80-4C8B-9FF5-F328767D28F4}.Debug|Any CPU.ActiveCfg = Debug|Any CPU
		{D3623784-EF80-4C8B-9FF5-F328767D28F4}.Debug|Any CPU.Build.0 = Debug|Any CPU
		{D3623784-EF80-4C8B-9FF5-F328767D28F4}.Release|Any CPU.ActiveCfg = Release|Any CPU
		{D3623784-EF80-4C8B-9FF5-F328767D28F4}.Release|Any CPU.Build.0 = Release|Any CPU
		{338E38A4-2D04-48DD-B5AF-4CC964326BA7}.Debug|Any CPU.ActiveCfg = Debug|Any CPU
		{338E38A4-2D04-48DD-B5AF-4CC964326BA7}.Debug|Any CPU.Build.0 = Debug|Any CPU
		{338E38A4-2D04-48DD-B5AF-4CC964326BA7}.Release|Any CPU.ActiveCfg = Release|Any CPU
		{338E38A4-2D04-48DD-B5AF-4CC964326BA7}.Release|Any CPU.Build.0 = Release|Any CPU
		{50DD2F84-97D0-4C5B-AEC1-0ECA5F8F1D23}.Debug|Any CPU.ActiveCfg = Debug|Any CPU
		{50DD2F84-97D0-4C5B-AEC1-0ECA5F8F1D23}.Debug|Any CPU.Build.0 = Debug|Any CPU
		{50DD2F84-97D0-4C5B-AEC1-0ECA5F8F1D23}.Release|Any CPU.ActiveCfg = Release|Any CPU
		{50DD2F84-97D0-4C5B-AEC1-0ECA5F8F1D23}.Release|Any CPU.Build.0 = Release|Any CPU
	EndGlobalSection
	GlobalSection(SolutionProperties) = preSolution
		HideSolutionNode = FALSE
	EndGlobalSection
	GlobalSection(ExtensibilityGlobals) = postSolution
		SolutionGuid = {54E21A50-40AB-4D7D-8AE7-8C2A13FD7661}
	EndGlobalSection
EndGlobal
